
Microsoft Visual Studio Solution File, Format Version 12.00
# Visual Studio 14
VisualStudioVersion = 14.0.25420.1
MinimumVisualStudioVersion = 10.0.40219.1
Project("{FAE04EC0-301F-11D3-BF4B-00C04F79EFBC}") = "AngularAPI", "AngularAPI\AngularAPI.csproj", "{408CE6A6-B5F6-476B-BA42-38DD08493A27}"
EndProject
Project("{00D1A9C2-B5F0-4AF3-8072-F6C62B433612}") = "Dodecahedron", "Dodecahedron\Dodecahedron.sqlproj", "{776646E7-305C-4CA5-8E07-BBF25BC508A4}"
EndProject
Global
	GlobalSection(SolutionConfigurationPlatforms) = preSolution
		Debug|Any CPU = Debug|Any CPU
		Release|Any CPU = Release|Any CPU
	EndGlobalSection
	GlobalSection(ProjectConfigurationPlatforms) = postSolution
		{408CE6A6-B5F6-476B-BA42-38DD08493A27}.Debug|Any CPU.ActiveCfg = Debug|Any CPU
		{408CE6A6-B5F6-476B-BA42-38DD08493A27}.Debug|Any CPU.Build.0 = Debug|Any CPU
		{408CE6A6-B5F6-476B-BA42-38DD08493A27}.Release|Any CPU.ActiveCfg = Release|Any CPU
		{408CE6A6-B5F6-476B-BA42-38DD08493A27}.Release|Any CPU.Build.0 = Release|Any CPU
		{776646E7-305C-4CA5-8E07-BBF25BC508A4}.Debug|Any CPU.ActiveCfg = Debug|Any CPU
		{776646E7-305C-4CA5-8E07-BBF25BC508A4}.Debug|Any CPU.Build.0 = Debug|Any CPU
		{776646E7-305C-4CA5-8E07-BBF25BC508A4}.Debug|Any CPU.Deploy.0 = Debug|Any CPU
		{776646E7-305C-4CA5-8E07-BBF25BC508A4}.Release|Any CPU.ActiveCfg = Release|Any CPU
		{776646E7-305C-4CA5-8E07-BBF25BC508A4}.Release|Any CPU.Build.0 = Release|Any CPU
		{776646E7-305C-4CA5-8E07-BBF25BC508A4}.Release|Any CPU.Deploy.0 = Release|Any CPU
	EndGlobalSection
	GlobalSection(SolutionProperties) = preSolution
		HideSolutionNode = FALSE
	EndGlobalSection
EndGlobal
